
Microsoft Visual Studio Solution File, Format Version 12.00
# Visual Studio Version 17
VisualStudioVersion = 17.9.34701.34
MinimumVisualStudioVersion = 10.0.40219.1
Project("{9A19103F-16F7-4668-BE54-9A1E7A4F7556}") = "ProjectMars", "ProjectMars.csproj", "{32C98388-5BE2-4047-8B0F-A742D9C20B01}"
EndProject
Global
	GlobalSection(SolutionConfigurationPlatforms) = preSolution
		Debug|Any CPU = Debug|Any CPU
		Release|Any CPU = Release|Any CPU
	EndGlobalSection
	GlobalSection(ProjectConfigurationPlatforms) = postSolution
		{32C98388-5BE2-4047-8B0F-A742D9C20B01}.Debug|Any CPU.ActiveCfg = Debug|Any CPU
		{32C98388-5BE2-4047-8B0F-A742D9C20B01}.Debug|Any CPU.Build.0 = Debug|Any CPU
		{32C98388-5BE2-4047-8B0F-A742D9C20B01}.Release|Any CPU.ActiveCfg = Release|Any CPU
		{32C98388-5BE2-4047-8B0F-A742D9C20B01}.Release|Any CPU.Build.0 = Release|Any CPU
	EndGlobalSection
	GlobalSection(SolutionProperties) = preSolution
		HideSolutionNode = FALSE
	EndGlobalSection
	GlobalSection(ExtensibilityGlobals) = postSolution
		SolutionGuid = {65005AEF-08E9-4993-8F10-EC82F247A32F}
	EndGlobalSection
EndGlobal
